# This file is automatically @generated by Poetry 2.2.1 and should not be changed by hand.

[[package]]
name = "pyusb"
version = "1.3.1"
description = "Easy USB access for Python"
optional = false
python-versions = ">=3.9.0"
groups = ["main"]
files = [
    {file = "pyusb-1.3.1-py3-none-any.whl", hash = "sha256:bf9b754557af4717fe80c2b07cc2b923a9151f5c08d17bdb5345dac09d6a0430"},
    {file = "pyusb-1.3.1.tar.gz", hash = "sha256:3af070b607467c1c164f49d5b0caabe8ac78dbed9298d703a8dbf9df4052d17e"},
]

[metadata]
lock-version = "2.1"
python-versions = ">=3.11"
content-hash = "58438d60850bfa2fa44abf19619770144179f25dace278ecc5c4bd3da90289db"
